<Solution>
  <Folder Name="/.claude/">
    <File Path="CLAUDE.md" />
    <File Path=".claude/settings.json" />
  </Folder>
  <Folder Name="/.claude/skills/reactive-dsl/">
    <File Path=".claude/skills/reactive-dsl/SKILL.md" />
  </Folder>
  <Folder Name="/.claude/skills/http-pipeline/">
    <File Path=".claude/skills/http-pipeline/SKILL.md" />
  </Folder>
  <Folder Name="/.claude/skills/conditions-dsl/">
    <File Path=".claude/skills/conditions-dsl/SKILL.md" />
  </Folder>
  <Folder Name="/.claude/skills/onboard-fusion-component/">
    <File Path=".claude/skills/onboard-fusion-component/SKILL.md" />
  </Folder>
  <Folder Name="/.claude/skills/solid-ts-audit/">
    <File Path=".claude/skills/solid-ts-audit/SKILL.md" />
  </Folder>
  <Folder Name="/.claude/skills/modern-csharp/">
    <File Path=".claude/skills/modern-csharp/SKILL.md" />
  </Folder>
  <Folder Name="/.claude/skills/bdd-testing/">
    <File Path=".claude/skills/bdd-testing/SKILL.md" />
  </Folder>
  <Folder Name="/.claude/skills/validation-rules/">
    <File Path=".claude/skills/validation-rules/SKILL.md" />
  </Folder>
  <Folder Name="/tests/">
    <Project Path="tests/Alis.Reactive.UnitTests/Alis.Reactive.UnitTests.csproj" />
    <Project Path="tests/Alis.Reactive.Fusion.UnitTests/Alis.Reactive.Fusion.UnitTests.csproj" />
    <Project Path="tests/Alis.Reactive.Native.UnitTests/Alis.Reactive.Native.UnitTests.csproj" />
    <Project Path="tests/Alis.Reactive.PlaywrightTests/Alis.Reactive.PlaywrightTests.csproj" />
    <Project Path="tests/Alis.Reactive.FluentValidator.UnitTests/Alis.Reactive.FluentValidator.UnitTests.csproj" />
    <Project Path="tests/Alis.Reactive.DesignSystem.Tests/Alis.Reactive.DesignSystem.Tests.csproj" />
    <Project Path="tests/Alis.Reactive.NativeTagHelpers.Tests/Alis.Reactive.NativeTagHelpers.Tests.csproj" />
  </Folder>
  <Project Path="Alis.Reactive.Fusion/Alis.Reactive.Fusion.csproj" />
  <Project Path="Alis.Reactive.Native/Alis.Reactive.Native.csproj" />
  <Project Path="Alis.Reactive.NativeTagHelpers/Alis.Reactive.NativeTagHelpers.csproj" />
  <Project Path="Alis.Reactive.SandboxApp/Alis.Reactive.SandboxApp.csproj" />
  <Project Path="Alis.Reactive/Alis.Reactive.csproj" />
  <Project Path="Alis.Reactive.Analyzers/Alis.Reactive.Analyzers.csproj" />
  <Project Path="Alis.Reactive.FluentValidator/Alis.Reactive.FluentValidator.csproj" />
</Solution>
