<Solution>
  <Folder Name="/tests/">
    <Project Path="tests/Alis.Reactive.UnitTests/Alis.Reactive.UnitTests.csproj" />
  </Folder>
  <Project Path="Alis.Reactive.Fusion/Alis.Reactive.Fusion.csproj" />
  <Project Path="Alis.Reactive.Native/Alis.Reactive.Native.csproj" />
  <Project Path="Alis.Reactive.SandboxApp/Alis.Reactive.SandboxApp.csproj" />
  <Project Path="Alis.Reactive/Alis.Reactive.csproj" />
</Solution>
